
Microsoft Visual Studio Solution File, Format Version 12.00
# Visual Studio 14
VisualStudioVersion = 14.0.24720.0
MinimumVisualStudioVersion = 10.0.40219.1
Project("{2150E333-8FDC-42A3-9474-1A3956D46DE8}") = "2. Business", "2. Business", "{38277193-F093-48B3-81EF-D5F94C1C2324}"
EndProject
Project("{2150E333-8FDC-42A3-9474-1A3956D46DE8}") = "5. Data", "5. Data", "{42978652-7C51-4578-AF67-6E5A4089BCC1}"
EndProject
Project("{2150E333-8FDC-42A3-9474-1A3956D46DE8}") = "4. Contracts", "4. Contracts", "{85F46814-25D2-45FE-B040-AD2F174F35DA}"
EndProject
Project("{FAE04EC0-301F-11D3-BF4B-00C04F79EFBC}") = "Business", "Business\Business.csproj", "{820104D5-6CCF-43F1-AFB7-FE24DE3CE453}"
EndProject
Project("{FAE04EC0-301F-11D3-BF4B-00C04F79EFBC}") = "Data", "Data\Data.csproj", "{7581E143-226E-4217-8DCB-B13596636D5D}"
EndProject
Project("{2150E333-8FDC-42A3-9474-1A3956D46DE8}") = "1. MVC", "1. MVC", "{1F113853-2FA2-4764-A1A3-BCD4A64336DC}"
EndProject
Project("{FAE04EC0-301F-11D3-BF4B-00C04F79EFBC}") = "BookLibrary", "MVC\BookLibrary\BookLibrary.csproj", "{AEF1F84D-3C0F-45B7-8788-0E97E4E49BE7}"
EndProject
Project("{FAE04EC0-301F-11D3-BF4B-00C04F79EFBC}") = "Contracts", "Contracts\Contracts.csproj", "{A8FC1C06-A2C3-4FA9-8FAC-7950894543FF}"
EndProject
Project("{2150E333-8FDC-42A3-9474-1A3956D46DE8}") = "6. DTOs", "6. DTOs", "{CD2DFF08-E18A-437C-BD81-985A944401B6}"
EndProject
Project("{FAE04EC0-301F-11D3-BF4B-00C04F79EFBC}") = "DTOs", "DTOs\DTOs.csproj", "{597F9842-8F28-4B75-A856-28D3B92E011D}"
EndProject
Project("{2150E333-8FDC-42A3-9474-1A3956D46DE8}") = "3. Dependency Resolver", "3. Dependency Resolver", "{559C4791-0F29-46B7-9704-C6FE3E9F2BA2}"
EndProject
Project("{FAE04EC0-301F-11D3-BF4B-00C04F79EFBC}") = "DependencyResolver", "DependencyResolver\DependencyResolver.csproj", "{E1CE9B32-445D-4A05-A911-83109912C923}"
EndProject
Global
	GlobalSection(SolutionConfigurationPlatforms) = preSolution
		Debug|Any CPU = Debug|Any CPU
		Release|Any CPU = Release|Any CPU
	EndGlobalSection
	GlobalSection(ProjectConfigurationPlatforms) = postSolution
		{820104D5-6CCF-43F1-AFB7-FE24DE3CE453}.Debug|Any CPU.ActiveCfg = Debug|Any CPU
		{820104D5-6CCF-43F1-AFB7-FE24DE3CE453}.Debug|Any CPU.Build.0 = Debug|Any CPU
		{820104D5-6CCF-43F1-AFB7-FE24DE3CE453}.Release|Any CPU.ActiveCfg = Release|Any CPU
		{820104D5-6CCF-43F1-AFB7-FE24DE3CE453}.Release|Any CPU.Build.0 = Release|Any CPU
		{7581E143-226E-4217-8DCB-B13596636D5D}.Debug|Any CPU.ActiveCfg = Debug|Any CPU
		{7581E143-226E-4217-8DCB-B13596636D5D}.Debug|Any CPU.Build.0 = Debug|Any CPU
		{7581E143-226E-4217-8DCB-B13596636D5D}.Release|Any CPU.ActiveCfg = Release|Any CPU
		{7581E143-226E-4217-8DCB-B13596636D5D}.Release|Any CPU.Build.0 = Release|Any CPU
		{AEF1F84D-3C0F-45B7-8788-0E97E4E49BE7}.Debug|Any CPU.ActiveCfg = Debug|Any CPU
		{AEF1F84D-3C0F-45B7-8788-0E97E4E49BE7}.Debug|Any CPU.Build.0 = Debug|Any CPU
		{AEF1F84D-3C0F-45B7-8788-0E97E4E49BE7}.Release|Any CPU.ActiveCfg = Release|Any CPU
		{AEF1F84D-3C0F-45B7-8788-0E97E4E49BE7}.Release|Any CPU.Build.0 = Release|Any CPU
		{A8FC1C06-A2C3-4FA9-8FAC-7950894543FF}.Debug|Any CPU.ActiveCfg = Debug|Any CPU
		{A8FC1C06-A2C3-4FA9-8FAC-7950894543FF}.Debug|Any CPU.Build.0 = Debug|Any CPU
		{A8FC1C06-A2C3-4FA9-8FAC-7950894543FF}.Release|Any CPU.ActiveCfg = Release|Any CPU
		{A8FC1C06-A2C3-4FA9-8FAC-7950894543FF}.Release|Any CPU.Build.0 = Release|Any CPU
		{597F9842-8F28-4B75-A856-28D3B92E011D}.Debug|Any CPU.ActiveCfg = Debug|Any CPU
		{597F9842-8F28-4B75-A856-28D3B92E011D}.Debug|Any CPU.Build.0 = Debug|Any CPU
		{597F9842-8F28-4B75-A856-28D3B92E011D}.Release|Any CPU.ActiveCfg = Release|Any CPU
		{597F9842-8F28-4B75-A856-28D3B92E011D}.Release|Any CPU.Build.0 = Release|Any CPU
		{E1CE9B32-445D-4A05-A911-83109912C923}.Debug|Any CPU.ActiveCfg = Debug|Any CPU
		{E1CE9B32-445D-4A05-A911-83109912C923}.Debug|Any CPU.Build.0 = Debug|Any CPU
		{E1CE9B32-445D-4A05-A911-83109912C923}.Release|Any CPU.ActiveCfg = Release|Any CPU
		{E1CE9B32-445D-4A05-A911-83109912C923}.Release|Any CPU.Build.0 = Release|Any CPU
	EndGlobalSection
	GlobalSection(SolutionProperties) = preSolution
		HideSolutionNode = FALSE
	EndGlobalSection
	GlobalSection(NestedProjects) = preSolution
		{820104D5-6CCF-43F1-AFB7-FE24DE3CE453} = {38277193-F093-48B3-81EF-D5F94C1C2324}
		{7581E143-226E-4217-8DCB-B13596636D5D} = {42978652-7C51-4578-AF67-6E5A4089BCC1}
		{AEF1F84D-3C0F-45B7-8788-0E97E4E49BE7} = {1F113853-2FA2-4764-A1A3-BCD4A64336DC}
		{A8FC1C06-A2C3-4FA9-8FAC-7950894543FF} = {85F46814-25D2-45FE-B040-AD2F174F35DA}
		{597F9842-8F28-4B75-A856-28D3B92E011D} = {CD2DFF08-E18A-437C-BD81-985A944401B6}
		{E1CE9B32-445D-4A05-A911-83109912C923} = {559C4791-0F29-46B7-9704-C6FE3E9F2BA2}
	EndGlobalSection
EndGlobal
